
Microsoft Visual Studio Solution File, Format Version 12.00
# Visual Studio Version 17
VisualStudioVersion = 17.13.35806.99 d17.13
MinimumVisualStudioVersion = 10.0.40219.1
Project("{FAE04EC0-301F-11D3-BF4B-00C04F79EFBC}") = "Inventory", "Inventory\Inventory.csproj", "{C5F987C2-D3CB-495C-8187-9B1A3C9D8266}"
EndProject
Global
	GlobalSection(SolutionConfigurationPlatforms) = preSolution
		Debug|Any CPU = Debug|Any CPU
		Release|Any CPU = Release|Any CPU
	EndGlobalSection
	GlobalSection(ProjectConfigurationPlatforms) = postSolution
		{C5F987C2-D3CB-495C-8187-9B1A3C9D8266}.Debug|Any CPU.ActiveCfg = Debug|Any CPU
		{C5F987C2-D3CB-495C-8187-9B1A3C9D8266}.Debug|Any CPU.Build.0 = Debug|Any CPU
		{C5F987C2-D3CB-495C-8187-9B1A3C9D8266}.Release|Any CPU.ActiveCfg = Release|Any CPU
		{C5F987C2-D3CB-495C-8187-9B1A3C9D8266}.Release|Any CPU.Build.0 = Release|Any CPU
	EndGlobalSection
	GlobalSection(SolutionProperties) = preSolution
		HideSolutionNode = FALSE
	EndGlobalSection
	GlobalSection(ExtensibilityGlobals) = postSolution
		SolutionGuid = {DE3C219E-2898-4DEA-89F7-39A03F9856AE}
	EndGlobalSection
EndGlobal
